
Microsoft Visual Studio Solution File, Format Version 12.00
# Visual Studio 2013
VisualStudioVersion = 12.0.31101.0
MinimumVisualStudioVersion = 10.0.40219.1
Project("{FAE04EC0-301F-11D3-BF4B-00C04F79EFBC}") = "ExceptionBreaker", "ExceptionBreaker\ExceptionBreaker.csproj", "{17A398C8-EF46-413B-A564-A70104EFBB64}"
EndProject
Global
	GlobalSection(SolutionConfigurationPlatforms) = preSolution
		Debug|Any CPU = Debug|Any CPU
		Debug-VS2013|Any CPU = Debug-VS2013|Any CPU
		Release|Any CPU = Release|Any CPU
	EndGlobalSection
	GlobalSection(ProjectConfigurationPlatforms) = postSolution
		{17A398C8-EF46-413B-A564-A70104EFBB64}.Debug|Any CPU.ActiveCfg = Debug|Any CPU
		{17A398C8-EF46-413B-A564-A70104EFBB64}.Debug|Any CPU.Build.0 = Debug|Any CPU
		{17A398C8-EF46-413B-A564-A70104EFBB64}.Debug-VS2013|Any CPU.ActiveCfg = Debug-VS2013|Any CPU
		{17A398C8-EF46-413B-A564-A70104EFBB64}.Debug-VS2013|Any CPU.Build.0 = Debug-VS2013|Any CPU
		{17A398C8-EF46-413B-A564-A70104EFBB64}.Release|Any CPU.ActiveCfg = Release|Any CPU
		{17A398C8-EF46-413B-A564-A70104EFBB64}.Release|Any CPU.Build.0 = Release|Any CPU
	EndGlobalSection
	GlobalSection(SolutionProperties) = preSolution
		HideSolutionNode = FALSE
	EndGlobalSection
EndGlobal
